// !$*UTF8*$!
{
	archiveVersion = 1;
	classes = {
	};
	objectVersion = 60;
	objects = {

/* Begin PBXBuildFile section */
		8FB0ECC32C1E8333008452E8 /* SupabaseAuthApp.swift in Sources */ = {isa = PBXBuildFile; fileRef = 8FB0ECC22C1E8333008452E8 /* SupabaseAuthApp.swift */; };
		8FB0ECC52C1E8333008452E8 /* ContentView.swift in Sources */ = {isa = PBXBuildFile; fileRef = 8FB0ECC42C1E8333008452E8 /* ContentView.swift */; };
		8FB0ECC72C1E8334008452E8 /* Assets.xcassets in Resources */ = {isa = PBXBuildFile; fileRef = 8FB0ECC62C1E8334008452E8 /* Assets.xcassets */; };
		8FB0ECCA2C1E8334008452E8 /* Preview Assets.xcassets in Resources */ = {isa = PBXBuildFile; fileRef = 8FB0ECC92C1E8334008452E8 /* Preview Assets.xcassets */; };
		8FB0ECD32C1E83A3008452E8 /* Supabase in Frameworks */ = {isa = PBXBuildFile; productRef = 8FB0ECD22C1E83A3008452E8 /* Supabase */; };
		8FB0ECD52C1E8496008452E8 /* SignInView.swift in Sources */ = {isa = PBXBuildFile; fileRef = 8FB0ECD42C1E8491008452E8 /* SignInView.swift */; };
		8FB0ECD72C1E85BD008452E8 /* AuthManager.swift in Sources */ = {isa = PBXBuildFile; fileRef = 8FB0ECD62C1E85B8008452E8 /* AuthManager.swift */; };
		8FB0ECD92C1E8959008452E8 /* SignInApple.swift in Sources */ = {isa = PBXBuildFile; fileRef = 8FB0ECD82C1E8953008452E8 /* SignInApple.swift */; };
		8FB0ECDC2C1EA559008452E8 /* HomeView.swift in Sources */ = {isa = PBXBuildFile; fileRef = 8FB0ECDB2C1EA559008452E8 /* HomeView.swift */; };
/* End PBXBuildFile section */

/* Begin PBXFileReference section */
		8FB0ECBF2C1E8333008452E8 /* SupabaseAuth.app */ = {isa = PBXFileReference; explicitFileType = wrapper.application; includeInIndex = 0; path = SupabaseAuth.app; sourceTree = BUILT_PRODUCTS_DIR; };
		8FB0ECC22C1E8333008452E8 /* SupabaseAuthApp.swift */ = {isa = PBXFileReference; lastKnownFileType = sourcecode.swift; path = SupabaseAuthApp.swift; sourceTree = "<group>"; };
		8FB0ECC42C1E8333008452E8 /* ContentView.swift */ = {isa = PBXFileReference; lastKnownFileType = sourcecode.swift; path = ContentView.swift; sourceTree = "<group>"; };
		8FB0ECC62C1E8334008452E8 /* Assets.xcassets */ = {isa = PBXFileReference; lastKnownFileType = folder.assetcatalog; path = Assets.xcassets; sourceTree = "<group>"; };
		8FB0ECC92C1E8334008452E8 /* Preview Assets.xcassets */ = {isa = PBXFileReference; lastKnownFileType = folder.assetcatalog; path = "Preview Assets.xcassets"; sourceTree = "<group>"; };
		8FB0ECD42C1E8491008452E8 /* SignInView.swift */ = {isa = PBXFileReference; lastKnownFileType = sourcecode.swift; path = SignInView.swift; sourceTree = "<group>"; };
		8FB0ECD62C1E85B8008452E8 /* AuthManager.swift */ = {isa = PBXFileReference; lastKnownFileType = sourcecode.swift; path = AuthManager.swift; sourceTree = "<group>"; };
		8FB0ECD82C1E8953008452E8 /* SignInApple.swift */ = {isa = PBXFileReference; lastKnownFileType = sourcecode.swift; path = SignInApple.swift; sourceTree = "<group>"; };
		8FB0ECDA2C1E9165008452E8 /* SupabaseAuth.entitlements */ = {isa = PBXFileReference; lastKnownFileType = text.plist.entitlements; path = SupabaseAuth.entitlements; sourceTree = "<group>"; };
		8FB0ECDB2C1EA559008452E8 /* HomeView.swift */ = {isa = PBXFileReference; lastKnownFileType = sourcecode.swift; path = HomeView.swift; sourceTree = "<group>"; };
/* End PBXFileReference section */

/* Begin PBXFrameworksBuildPhase section */
		8FB0ECBC2C1E8333008452E8 /* Frameworks */ = {
			isa = PBXFrameworksBuildPhase;
			buildActionMask = 2147483647;
			files = (
				8FB0ECD32C1E83A3008452E8 /* Supabase in Frameworks */,
			);
			runOnlyForDeploymentPostprocessing = 0;
		};
/* End PBXFrameworksBuildPhase section */

/* Begin PBXGroup section */
		8FB0ECB62C1E8333008452E8 = {
			isa = PBXGroup;
			children = (
				8FB0ECC12C1E8333008452E8 /* SupabaseAuth */,
				8FB0ECC02C1E8333008452E8 /* Products */,
				8FB0ECD12C1E83A3008452E8 /* Frameworks */,
			);
			sourceTree = "<group>";
		};
		8FB0ECC02C1E8333008452E8 /* Products */ = {
			isa = PBXGroup;
			children = (
				8FB0ECBF2C1E8333008452E8 /* SupabaseAuth.app */,
			);
			name = Products;
			sourceTree = "<group>";
		};
		8FB0ECC12C1E8333008452E8 /* SupabaseAuth */ = {
			isa = PBXGroup;
			children = (
				8FB0ECDA2C1E9165008452E8 /* SupabaseAuth.entitlements */,
				8FB0ECD82C1E8953008452E8 /* SignInApple.swift */,
				8FB0ECD62C1E85B8008452E8 /* AuthManager.swift */,
				8FB0ECD42C1E8491008452E8 /* SignInView.swift */,
				8FB0ECC22C1E8333008452E8 /* SupabaseAuthApp.swift */,
				8FB0ECC42C1E8333008452E8 /* ContentView.swift */,
				8FB0ECC62C1E8334008452E8 /* Assets.xcassets */,
				8FB0ECC82C1E8334008452E8 /* Preview Content */,
				8FB0ECDB2C1EA559008452E8 /* HomeView.swift */,
			);
			path = SupabaseAuth;
			sourceTree = "<group>";
		};
		8FB0ECC82C1E8334008452E8 /* Preview Content */ = {
			isa = PBXGroup;
			children = (
				8FB0ECC92C1E8334008452E8 /* Preview Assets.xcassets */,
			);
			path = "Preview Content";
			sourceTree = "<group>";
		};
		8FB0ECD12C1E83A3008452E8 /* Frameworks */ = {
			isa = PBXGroup;
			children = (
			);
			name = Frameworks;
			sourceTree = "<group>";
		};
/* End PBXGroup section */

/* Begin PBXNativeTarget section */
		8FB0ECBE2C1E8333008452E8 /* SupabaseAuth */ = {
			isa = PBXNativeTarget;
			buildConfigurationList = 8FB0ECCD2C1E8334008452E8 /* Build configuration list for PBXNativeTarget "SupabaseAuth" */;
			buildPhases = (
				8FB0ECBB2C1E8333008452E8 /* Sources */,
				8FB0ECBC2C1E8333008452E8 /* Frameworks */,
				8FB0ECBD2C1E8333008452E8 /* Resources */,
			);
			buildRules = (
			);
			dependencies = (
			);
			name = SupabaseAuth;
			packageProductDependencies = (
				8FB0ECD22C1E83A3008452E8 /* Supabase */,
			);
			productName = SupabaseAuth;
			productReference = 8FB0ECBF2C1E8333008452E8 /* SupabaseAuth.app */;
			productType = "com.apple.product-type.application";
		};
/* End PBXNativeTarget section */

/* Begin PBXProject section */
		8FB0ECB72C1E8333008452E8 /* Project object */ = {
			isa = PBXProject;
			attributes = {
				BuildIndependentTargetsInParallel = 1;
				LastSwiftUpdateCheck = 1600;
				LastUpgradeCheck = 1600;
				TargetAttributes = {
					8FB0ECBE2C1E8333008452E8 = {
						CreatedOnToolsVersion = 16.0;
					};
				};
			};
			buildConfigurationList = 8FB0ECBA2C1E8333008452E8 /* Build configuration list for PBXProject "SupabaseAuth" */;
			compatibilityVersion = "Xcode 15.0";
			developmentRegion = en;
			hasScannedForEncodings = 0;
			knownRegions = (
				en,
				Base,
			);
			mainGroup = 8FB0ECB62C1E8333008452E8;
			packageReferences = (
				8FB0ECD02C1E8398008452E8 /* XCRemoteSwiftPackageReference "supabase-swift" */,
			);
			productRefGroup = 8FB0ECC02C1E8333008452E8 /* Products */;
			projectDirPath = "";
			projectRoot = "";
			targets = (
				8FB0ECBE2C1E8333008452E8 /* SupabaseAuth */,
			);
		};
/* End PBXProject section */

/* Begin PBXResourcesBuildPhase section */
		8FB0ECBD2C1E8333008452E8 /* Resources */ = {
			isa = PBXResourcesBuildPhase;
			buildActionMask = 2147483647;
			files = (
				8FB0ECCA2C1E8334008452E8 /* Preview Assets.xcassets in Resources */,
				8FB0ECC72C1E8334008452E8 /* Assets.xcassets in Resources */,
			);
			runOnlyForDeploymentPostprocessing = 0;
		};
/* End PBXResourcesBuildPhase section */

/* Begin PBXSourcesBuildPhase section */
		8FB0ECBB2C1E8333008452E8 /* Sources */ = {
			isa = PBXSourcesBuildPhase;
			buildActionMask = 2147483647;
			files = (
				8FB0ECD92C1E8959008452E8 /* SignInApple.swift in Sources */,
				8FB0ECD52C1E8496008452E8 /* SignInView.swift in Sources */,
				8FB0ECD72C1E85BD008452E8 /* AuthManager.swift in Sources */,
				8FB0ECDC2C1EA559008452E8 /* HomeView.swift in Sources */,
				8FB0ECC52C1E8333008452E8 /* ContentView.swift in Sources */,
				8FB0ECC32C1E8333008452E8 /* SupabaseAuthApp.swift in Sources */,
			);
			runOnlyForDeploymentPostprocessing = 0;
		};
/* End PBXSourcesBuildPhase section */

/* Begin XCBuildConfiguration section */
		8FB0ECCB2C1E8334008452E8 /* Debug */ = {
			isa = XCBuildConfiguration;
			buildSettings = {
				ALWAYS_SEARCH_USER_PATHS = NO;
				ASSETCATALOG_COMPILER_GENERATE_SWIFT_ASSET_SYMBOL_EXTENSIONS = YES;
				CLANG_ANALYZER_NONNULL = YES;
				CLANG_ANALYZER_NUMBER_OBJECT_CONVERSION = YES_AGGRESSIVE;
				CLANG_CXX_LANGUAGE_STANDARD = "gnu++20";
				CLANG_ENABLE_MODULES = YES;
				CLANG_ENABLE_OBJC_ARC = YES;
				CLANG_ENABLE_OBJC_WEAK = YES;
				CLANG_WARN_BLOCK_CAPTURE_AUTORELEASING = YES;
				CLANG_WARN_BOOL_CONVERSION = YES;
				CLANG_WARN_COMMA = YES;
				CLANG_WARN_CONSTANT_CONVERSION = YES;
				CLANG_WARN_DEPRECATED_OBJC_IMPLEMENTATIONS = YES;
				CLANG_WARN_DIRECT_OBJC_ISA_USAGE = YES_ERROR;
				CLANG_WARN_DOCUMENTATION_COMMENTS = YES;
				CLANG_WARN_EMPTY_BODY = YES;
				CLANG_WARN_ENUM_CONVERSION = YES;
				CLANG_WARN_INFINITE_RECURSION = YES;
				CLANG_WARN_INT_CONVERSION = YES;
				CLANG_WARN_NON_LITERAL_NULL_CONVERSION = YES;
				CLANG_WARN_OBJC_IMPLICIT_RETAIN_SELF = YES;
				CLANG_WARN_OBJC_LITERAL_CONVERSION = YES;
				CLANG_WARN_OBJC_ROOT_CLASS = YES_ERROR;
				CLANG_WARN_QUOTED_INCLUDE_IN_FRAMEWORK_HEADER = YES;
				CLANG_WARN_RANGE_LOOP_ANALYSIS = YES;
				CLANG_WARN_STRICT_PROTOTYPES = YES;
				CLANG_WARN_SUSPICIOUS_MOVE = YES;
				CLANG_WARN_UNGUARDED_AVAILABILITY = YES_AGGRESSIVE;
				CLANG_WARN_UNREACHABLE_CODE = YES;
				CLANG_WARN__DUPLICATE_METHOD_MATCH = YES;
				COPY_PHASE_STRIP = NO;
				DEBUG_INFORMATION_FORMAT = dwarf;
				ENABLE_STRICT_OBJC_MSGSEND = YES;
				ENABLE_TESTABILITY = YES;
				ENABLE_USER_SCRIPT_SANDBOXING = YES;
				GCC_C_LANGUAGE_STANDARD = gnu17;
				GCC_DYNAMIC_NO_PIC = NO;
				GCC_NO_COMMON_BLOCKS = YES;
				GCC_OPTIMIZATION_LEVEL = 0;
				GCC_PREPROCESSOR_DEFINITIONS = (
					"DEBUG=1",
					"$(inherited)",
				);
				GCC_WARN_64_TO_32_BIT_CONVERSION = YES;
				GCC_WARN_ABOUT_RETURN_TYPE = YES_ERROR;
				GCC_WARN_UNDECLARED_SELECTOR = YES;
				GCC_WARN_UNINITIALIZED_AUTOS = YES_AGGRESSIVE;
				GCC_WARN_UNUSED_FUNCTION = YES;
				GCC_WARN_UNUSED_VARIABLE = YES;
				IPHONEOS_DEPLOYMENT_TARGET = 18.0;
				LOCALIZATION_PREFERS_STRING_CATALOGS = YES;
				MTL_ENABLE_DEBUG_INFO = INCLUDE_SOURCE;
				MTL_FAST_MATH = YES;
				ONLY_ACTIVE_ARCH = YES;
				SDKROOT = iphoneos;
				SWIFT_ACTIVE_COMPILATION_CONDITIONS = "DEBUG $(inherited)";
				SWIFT_OPTIMIZATION_LEVEL = "-Onone";
			};
			name = Debug;
		};
		8FB0ECCC2C1E8334008452E8 /* Release */ = {
			isa = XCBuildConfiguration;
			buildSettings = {
				ALWAYS_SEARCH_USER_PATHS = NO;
				ASSETCATALOG_COMPILER_GENERATE_SWIFT_ASSET_SYMBOL_EXTENSIONS = YES;
				CLANG_ANALYZER_NONNULL = YES;
				CLANG_ANALYZER_NUMBER_OBJECT_CONVERSION = YES_AGGRESSIVE;
				CLANG_CXX_LANGUAGE_STANDARD = "gnu++20";
				CLANG_ENABLE_MODULES = YES;
				CLANG_ENABLE_OBJC_ARC = YES;
				CLANG_ENABLE_OBJC_WEAK = YES;
				CLANG_WARN_BLOCK_CAPTURE_AUTORELEASING = YES;
				CLANG_WARN_BOOL_CONVERSION = YES;
				CLANG_WARN_COMMA = YES;
				CLANG_WARN_CONSTANT_CONVERSION = YES;
				CLANG_WARN_DEPRECATED_OBJC_IMPLEMENTATIONS = YES;
				CLANG_WARN_DIRECT_OBJC_ISA_USAGE = YES_ERROR;
				CLANG_WARN_DOCUMENTATION_COMMENTS = YES;
				CLANG_WARN_EMPTY_BODY = YES;
				CLANG_WARN_ENUM_CONVERSION = YES;
				CLANG_WARN_INFINITE_RECURSION = YES;
				CLANG_WARN_INT_CONVERSION = YES;
				CLANG_WARN_NON_LITERAL_NULL_CONVERSION = YES;
				CLANG_WARN_OBJC_IMPLICIT_RETAIN_SELF = YES;
				CLANG_WARN_OBJC_LITERAL_CONVERSION = YES;
				CLANG_WARN_OBJC_ROOT_CLASS = YES_ERROR;
				CLANG_WARN_QUOTED_INCLUDE_IN_FRAMEWORK_HEADER = YES;
				CLANG_WARN_RANGE_LOOP_ANALYSIS = YES;
				CLANG_WARN_STRICT_PROTOTYPES = YES;
				CLANG_WARN_SUSPICIOUS_MOVE = YES;
				CLANG_WARN_UNGUARDED_AVAILABILITY = YES_AGGRESSIVE;
				CLANG_WARN_UNREACHABLE_CODE = YES;
				CLANG_WARN__DUPLICATE_METHOD_MATCH = YES;
				COPY_PHASE_STRIP = NO;
				DEBUG_INFORMATION_FORMAT = "dwarf-with-dsym";
				ENABLE_NS_ASSERTIONS = NO;
				ENABLE_STRICT_OBJC_MSGSEND = YES;
				ENABLE_USER_SCRIPT_SANDBOXING = YES;
				GCC_C_LANGUAGE_STANDARD = gnu17;
				GCC_NO_COMMON_BLOCKS = YES;
				GCC_WARN_64_TO_32_BIT_CONVERSION = YES;
				GCC_WARN_ABOUT_RETURN_TYPE = YES_ERROR;
				GCC_WARN_UNDECLARED_SELECTOR = YES;
				GCC_WARN_UNINITIALIZED_AUTOS = YES_AGGRESSIVE;
				GCC_WARN_UNUSED_FUNCTION = YES;
				GCC_WARN_UNUSED_VARIABLE = YES;
				IPHONEOS_DEPLOYMENT_TARGET = 18.0;
				LOCALIZATION_PREFERS_STRING_CATALOGS = YES;
				MTL_ENABLE_DEBUG_INFO = NO;
				MTL_FAST_MATH = YES;
				SDKROOT = iphoneos;
				SWIFT_COMPILATION_MODE = wholemodule;
				VALIDATE_PRODUCT = YES;
			};
			name = Release;
		};
		8FB0ECCE2C1E8334008452E8 /* Debug */ = {
			isa = XCBuildConfiguration;
			buildSettings = {
				ASSETCATALOG_COMPILER_APPICON_NAME = AppIcon;
				ASSETCATALOG_COMPILER_GLOBAL_ACCENT_COLOR_NAME = AccentColor;
				CODE_SIGN_ENTITLEMENTS = SupabaseAuth/SupabaseAuth.entitlements;
				CODE_SIGN_STYLE = Automatic;
				CURRENT_PROJECT_VERSION = 1;
				DEVELOPMENT_ASSET_PATHS = "\"SupabaseAuth/Preview Content\"";
				DEVELOPMENT_TEAM = A23N5QDWR3;
				ENABLE_PREVIEWS = YES;
				GENERATE_INFOPLIST_FILE = YES;
				INFOPLIST_KEY_UIApplicationSceneManifest_Generation = YES;
				INFOPLIST_KEY_UIApplicationSupportsIndirectInputEvents = YES;
				INFOPLIST_KEY_UILaunchScreen_Generation = YES;
				INFOPLIST_KEY_UISupportedInterfaceOrientations_iPad = "UIInterfaceOrientationPortrait UIInterfaceOrientationPortraitUpsideDown UIInterfaceOrientationLandscapeLeft UIInterfaceOrientationLandscapeRight";
				INFOPLIST_KEY_UISupportedInterfaceOrientations_iPhone = "UIInterfaceOrientationPortrait UIInterfaceOrientationLandscapeLeft UIInterfaceOrientationLandscapeRight";
				LD_RUNPATH_SEARCH_PATHS = (
					"$(inherited)",
					"@executable_path/Frameworks",
				);
				MARKETING_VERSION = 1.0;
				PRODUCT_BUNDLE_IDENTIFIER = ranggabiner.com.SupabaseAuth;
				PRODUCT_NAME = "$(TARGET_NAME)";
				SWIFT_EMIT_LOC_STRINGS = YES;
				SWIFT_VERSION = 5.0;
				TARGETED_DEVICE_FAMILY = "1,2";
			};
			name = Debug;
		};
		8FB0ECCF2C1E8334008452E8 /* Release */ = {
			isa = XCBuildConfiguration;
			buildSettings = {
				ASSETCATALOG_COMPILER_APPICON_NAME = AppIcon;
				ASSETCATALOG_COMPILER_GLOBAL_ACCENT_COLOR_NAME = AccentColor;
				CODE_SIGN_ENTITLEMENTS = SupabaseAuth/SupabaseAuth.entitlements;
				CODE_SIGN_STYLE = Automatic;
				CURRENT_PROJECT_VERSION = 1;
				DEVELOPMENT_ASSET_PATHS = "\"SupabaseAuth/Preview Content\"";
				DEVELOPMENT_TEAM = A23N5QDWR3;
				ENABLE_PREVIEWS = YES;
				GENERATE_INFOPLIST_FILE = YES;
				INFOPLIST_KEY_UIApplicationSceneManifest_Generation = YES;
				INFOPLIST_KEY_UIApplicationSupportsIndirectInputEvents = YES;
				INFOPLIST_KEY_UILaunchScreen_Generation = YES;
				INFOPLIST_KEY_UISupportedInterfaceOrientations_iPad = "UIInterfaceOrientationPortrait UIInterfaceOrientationPortraitUpsideDown UIInterfaceOrientationLandscapeLeft UIInterfaceOrientationLandscapeRight";
				INFOPLIST_KEY_UISupportedInterfaceOrientations_iPhone = "UIInterfaceOrientationPortrait UIInterfaceOrientationLandscapeLeft UIInterfaceOrientationLandscapeRight";
				LD_RUNPATH_SEARCH_PATHS = (
					"$(inherited)",
					"@executable_path/Frameworks",
				);
				MARKETING_VERSION = 1.0;
				PRODUCT_BUNDLE_IDENTIFIER = ranggabiner.com.SupabaseAuth;
				PRODUCT_NAME = "$(TARGET_NAME)";
				SWIFT_EMIT_LOC_STRINGS = YES;
				SWIFT_VERSION = 5.0;
				TARGETED_DEVICE_FAMILY = "1,2";
			};
			name = Release;
		};
/* End XCBuildConfiguration section */

/* Begin XCConfigurationList section */
		8FB0ECBA2C1E8333008452E8 /* Build configuration list for PBXProject "SupabaseAuth" */ = {
			isa = XCConfigurationList;
			buildConfigurations = (
				8FB0ECCB2C1E8334008452E8 /* Debug */,
				8FB0ECCC2C1E8334008452E8 /* Release */,
			);
			defaultConfigurationIsVisible = 0;
			defaultConfigurationName = Release;
		};
		8FB0ECCD2C1E8334008452E8 /* Build configuration list for PBXNativeTarget "SupabaseAuth" */ = {
			isa = XCConfigurationList;
			buildConfigurations = (
				8FB0ECCE2C1E8334008452E8 /* Debug */,
				8FB0ECCF2C1E8334008452E8 /* Release */,
			);
			defaultConfigurationIsVisible = 0;
			defaultConfigurationName = Release;
		};
/* End XCConfigurationList section */

/* Begin XCRemoteSwiftPackageReference section */
		8FB0ECD02C1E8398008452E8 /* XCRemoteSwiftPackageReference "supabase-swift" */ = {
			isa = XCRemoteSwiftPackageReference;
			repositoryURL = "https://github.com/supabase/supabase-swift.git";
			requirement = {
				kind = upToNextMajorVersion;
				minimumVersion = 2.5.1;
			};
		};
/* End XCRemoteSwiftPackageReference section */

/* Begin XCSwiftPackageProductDependency section */
		8FB0ECD22C1E83A3008452E8 /* Supabase */ = {
			isa = XCSwiftPackageProductDependency;
			package = 8FB0ECD02C1E8398008452E8 /* XCRemoteSwiftPackageReference "supabase-swift" */;
			productName = Supabase;
		};
/* End XCSwiftPackageProductDependency section */
	};
	rootObject = 8FB0ECB72C1E8333008452E8 /* Project object */;
}
